{
    "name": "package-lock",
    "lockfileVersion": 1,
    "requires": true,
    "dependencies": {
        "http-server": {
            "version": "1",
            "requires": {
                "path": "1",
                "url": "1"
            },
            "dependencies": {
                "path": {
                    "version": "1"
                },
                "url": {
                    "version": "1",
                    "requires": {
                        "path": "1"
                    }
                }
            }
        },
        "url": {
            "version": "2",
            "requires": {
                "path": "2"
            },
            "dependencies": {
                "path": {
                    "version": "2"
                }
            }
        }
    }
}
